
Microsoft Visual Studio Solution File, Format Version 12.00
# Visual Studio Version 16
VisualStudioVersion = 16.0.30320.27
MinimumVisualStudioVersion = 10.0.40219.1
Project("{FAE04EC0-301F-11D3-BF4B-00C04F79EFBC}") = "Nyous.Api.NoSql", "Nyous.Api.NoSql\Nyous.Api.NoSql.csproj", "{81976700-C685-4F5A-AC63-CFE861B2DC27}"
EndProject
Global
	GlobalSection(SolutionConfigurationPlatforms) = preSolution
		Debug|Any CPU = Debug|Any CPU
		Release|Any CPU = Release|Any CPU
	EndGlobalSection
	GlobalSection(ProjectConfigurationPlatforms) = postSolution
		{81976700-C685-4F5A-AC63-CFE861B2DC27}.Debug|Any CPU.ActiveCfg = Debug|Any CPU
		{81976700-C685-4F5A-AC63-CFE861B2DC27}.Debug|Any CPU.Build.0 = Debug|Any CPU
		{81976700-C685-4F5A-AC63-CFE861B2DC27}.Release|Any CPU.ActiveCfg = Release|Any CPU
		{81976700-C685-4F5A-AC63-CFE861B2DC27}.Release|Any CPU.Build.0 = Release|Any CPU
	EndGlobalSection
	GlobalSection(SolutionProperties) = preSolution
		HideSolutionNode = FALSE
	EndGlobalSection
	GlobalSection(ExtensibilityGlobals) = postSolution
		SolutionGuid = {38D8148F-DE56-4ED4-853D-0910BE06DD36}
	EndGlobalSection
EndGlobal
